
Microsoft Visual Studio Solution File, Format Version 12.00
# Visual Studio 15
VisualStudioVersion = 15.0.28307.136
MinimumVisualStudioVersion = 10.0.40219.1
Project("{9A19103F-16F7-4668-BE54-9A1E7A4F7556}") = "BackgroundQueue", "BackgroundQueue\BackgroundQueue.csproj", "{C24A749F-81E2-47C1-9178-1C069287F026}"
EndProject
Project("{2150E333-8FDC-42A3-9474-1A3956D46DE8}") = "Solution Items", "Solution Items", "{F5714AB0-6483-4031-B42E-29EC7386A85F}"
	ProjectSection(SolutionItems) = preProject
		.gitattributes = .gitattributes
		.gitignore = .gitignore
	EndProjectSection
EndProject
Global
	GlobalSection(SolutionConfigurationPlatforms) = preSolution
		Debug|Any CPU = Debug|Any CPU
		Release|Any CPU = Release|Any CPU
	EndGlobalSection
	GlobalSection(ProjectConfigurationPlatforms) = postSolution
		{C24A749F-81E2-47C1-9178-1C069287F026}.Debug|Any CPU.ActiveCfg = Debug|Any CPU
		{C24A749F-81E2-47C1-9178-1C069287F026}.Debug|Any CPU.Build.0 = Debug|Any CPU
		{C24A749F-81E2-47C1-9178-1C069287F026}.Release|Any CPU.ActiveCfg = Release|Any CPU
		{C24A749F-81E2-47C1-9178-1C069287F026}.Release|Any CPU.Build.0 = Release|Any CPU
	EndGlobalSection
	GlobalSection(SolutionProperties) = preSolution
		HideSolutionNode = FALSE
	EndGlobalSection
	GlobalSection(ExtensibilityGlobals) = postSolution
		SolutionGuid = {2EC67F8C-F218-481E-B737-217279781A7B}
	EndGlobalSection
EndGlobal
